// !$*UTF8*$!
{
	archiveVersion = 1;
	classes = {
	};
	objectVersion = 50;
	objects = {

/* Begin PBXBuildFile section */
		502CB7552322E18B00403ADD /* BugBattle_iOS_SDK.h in Headers */ = {isa = PBXBuildFile; fileRef = 502CB7532322E18B00403ADD /* BugBattle_iOS_SDK.h */; settings = {ATTRIBUTES = (Public, ); }; };
		9327218126A723BD00D7D0F0 /* BugBattleReplayHelper.h in Headers */ = {isa = PBXBuildFile; fileRef = 9327216C26A723BC00D7D0F0 /* BugBattleReplayHelper.h */; };
		9327218226A723BD00D7D0F0 /* BugBattleTranslationHelper.h in Headers */ = {isa = PBXBuildFile; fileRef = 9327216D26A723BC00D7D0F0 /* BugBattleTranslationHelper.h */; };
		9327218326A723BD00D7D0F0 /* BugBattleTouchHelper.h in Headers */ = {isa = PBXBuildFile; fileRef = 9327216E26A723BC00D7D0F0 /* BugBattleTouchHelper.h */; };
		9327218426A723BD00D7D0F0 /* UIWindow+BugBattleShakeRecognizer.h in Headers */ = {isa = PBXBuildFile; fileRef = 9327216F26A723BC00D7D0F0 /* UIWindow+BugBattleShakeRecognizer.h */; settings = {ATTRIBUTES = (Public, ); }; };
		9327218526A723BD00D7D0F0 /* BugBattle.h in Headers */ = {isa = PBXBuildFile; fileRef = 9327217026A723BC00D7D0F0 /* BugBattle.h */; settings = {ATTRIBUTES = (Public, ); }; };
		9327218626A723BD00D7D0F0 /* BugBattleLogHelper.m in Sources */ = {isa = PBXBuildFile; fileRef = 9327217126A723BC00D7D0F0 /* BugBattleLogHelper.m */; };
		9327218726A723BD00D7D0F0 /* BugBattleHttpTrafficRecorder.h in Headers */ = {isa = PBXBuildFile; fileRef = 9327217226A723BC00D7D0F0 /* BugBattleHttpTrafficRecorder.h */; };
		9327218826A723BD00D7D0F0 /* BugBattleLogHelper.h in Headers */ = {isa = PBXBuildFile; fileRef = 9327217326A723BC00D7D0F0 /* BugBattleLogHelper.h */; };
		9327218926A723BD00D7D0F0 /* UIWindow+BugBattleTouchRecognizer.h in Headers */ = {isa = PBXBuildFile; fileRef = 9327217426A723BC00D7D0F0 /* UIWindow+BugBattleTouchRecognizer.h */; settings = {ATTRIBUTES = (Public, ); }; };
		9327218A26A723BD00D7D0F0 /* BugBattleCore.m in Sources */ = {isa = PBXBuildFile; fileRef = 9327217526A723BC00D7D0F0 /* BugBattleCore.m */; };
		9327218B26A723BD00D7D0F0 /* BugBattleTranslationHelper.m in Sources */ = {isa = PBXBuildFile; fileRef = 9327217626A723BC00D7D0F0 /* BugBattleTranslationHelper.m */; };
		9327218C26A723BD00D7D0F0 /* BugBattleCore.h in Headers */ = {isa = PBXBuildFile; fileRef = 9327217726A723BD00D7D0F0 /* BugBattleCore.h */; settings = {ATTRIBUTES = (Public, ); }; };
		9327218D26A723BD00D7D0F0 /* BugBattleImageEditorViewController.h in Headers */ = {isa = PBXBuildFile; fileRef = 9327217826A723BD00D7D0F0 /* BugBattleImageEditorViewController.h */; };
		9327218E26A723BD00D7D0F0 /* BugBattleTouchDrawImageView.m in Sources */ = {isa = PBXBuildFile; fileRef = 9327217926A723BD00D7D0F0 /* BugBattleTouchDrawImageView.m */; };
		9327218F26A723BD00D7D0F0 /* BugBattleImageEditorViewController.m in Sources */ = {isa = PBXBuildFile; fileRef = 9327217A26A723BD00D7D0F0 /* BugBattleImageEditorViewController.m */; };
		9327219026A723BD00D7D0F0 /* UIWindow+BugBattleShakeRecognizer.m in Sources */ = {isa = PBXBuildFile; fileRef = 9327217B26A723BD00D7D0F0 /* UIWindow+BugBattleShakeRecognizer.m */; };
		9327219126A723BD00D7D0F0 /* UIWindow+BugBattleTouchRecognizer.m in Sources */ = {isa = PBXBuildFile; fileRef = 9327217C26A723BD00D7D0F0 /* UIWindow+BugBattleTouchRecognizer.m */; };
		9327219226A723BD00D7D0F0 /* BugBattleReplayHelper.m in Sources */ = {isa = PBXBuildFile; fileRef = 9327217D26A723BD00D7D0F0 /* BugBattleReplayHelper.m */; };
		9327219326A723BD00D7D0F0 /* BugBattleTouchDrawImageView.h in Headers */ = {isa = PBXBuildFile; fileRef = 9327217E26A723BD00D7D0F0 /* BugBattleTouchDrawImageView.h */; };
		9327219426A723BD00D7D0F0 /* BugBattleHttpTrafficRecorder.m in Sources */ = {isa = PBXBuildFile; fileRef = 9327217F26A723BD00D7D0F0 /* BugBattleHttpTrafficRecorder.m */; };
		9327219526A723BD00D7D0F0 /* BugBattleTouchHelper.m in Sources */ = {isa = PBXBuildFile; fileRef = 9327218026A723BD00D7D0F0 /* BugBattleTouchHelper.m */; };
		9327219D26A723CA00D7D0F0 /* editIcon.png in Resources */ = {isa = PBXBuildFile; fileRef = 9327219626A723CA00D7D0F0 /* editIcon.png */; };
		9327219E26A723CA00D7D0F0 /* colorsCloseIcon.png in Resources */ = {isa = PBXBuildFile; fileRef = 9327219726A723CA00D7D0F0 /* colorsCloseIcon.png */; };
		9327219F26A723CA00D7D0F0 /* BugBattleStoryboard.storyboard in Resources */ = {isa = PBXBuildFile; fileRef = 9327219826A723CA00D7D0F0 /* BugBattleStoryboard.storyboard */; };
		932721A026A723CA00D7D0F0 /* blurIconActive.png in Resources */ = {isa = PBXBuildFile; fileRef = 9327219926A723CA00D7D0F0 /* blurIconActive.png */; };
		932721A126A723CA00D7D0F0 /* backIcon.png in Resources */ = {isa = PBXBuildFile; fileRef = 9327219A26A723CA00D7D0F0 /* backIcon.png */; };
		932721A226A723CA00D7D0F0 /* blurIcon.png in Resources */ = {isa = PBXBuildFile; fileRef = 9327219B26A723CA00D7D0F0 /* blurIcon.png */; };
		932721A326A723CA00D7D0F0 /* sentIcon.png in Resources */ = {isa = PBXBuildFile; fileRef = 9327219C26A723CA00D7D0F0 /* sentIcon.png */; };
/* End PBXBuildFile section */

/* Begin PBXFileReference section */
		502CB7502322E18B00403ADD /* BugBattle.framework */ = {isa = PBXFileReference; explicitFileType = wrapper.framework; includeInIndex = 0; path = BugBattle.framework; sourceTree = BUILT_PRODUCTS_DIR; };
		502CB7532322E18B00403ADD /* BugBattle_iOS_SDK.h */ = {isa = PBXFileReference; lastKnownFileType = sourcecode.c.h; path = BugBattle_iOS_SDK.h; sourceTree = "<group>"; };
		502CB7542322E18B00403ADD /* Info.plist */ = {isa = PBXFileReference; lastKnownFileType = text.plist.xml; path = Info.plist; sourceTree = "<group>"; };
		9327216C26A723BC00D7D0F0 /* BugBattleReplayHelper.h */ = {isa = PBXFileReference; fileEncoding = 4; lastKnownFileType = sourcecode.c.h; path = BugBattleReplayHelper.h; sourceTree = "<group>"; };
		9327216D26A723BC00D7D0F0 /* BugBattleTranslationHelper.h */ = {isa = PBXFileReference; fileEncoding = 4; lastKnownFileType = sourcecode.c.h; path = BugBattleTranslationHelper.h; sourceTree = "<group>"; };
		9327216E26A723BC00D7D0F0 /* BugBattleTouchHelper.h */ = {isa = PBXFileReference; fileEncoding = 4; lastKnownFileType = sourcecode.c.h; path = BugBattleTouchHelper.h; sourceTree = "<group>"; };
		9327216F26A723BC00D7D0F0 /* UIWindow+BugBattleShakeRecognizer.h */ = {isa = PBXFileReference; fileEncoding = 4; lastKnownFileType = sourcecode.c.h; path = "UIWindow+BugBattleShakeRecognizer.h"; sourceTree = "<group>"; };
		9327217026A723BC00D7D0F0 /* BugBattle.h */ = {isa = PBXFileReference; fileEncoding = 4; lastKnownFileType = sourcecode.c.h; path = BugBattle.h; sourceTree = "<group>"; };
		9327217126A723BC00D7D0F0 /* BugBattleLogHelper.m */ = {isa = PBXFileReference; fileEncoding = 4; lastKnownFileType = sourcecode.c.objc; path = BugBattleLogHelper.m; sourceTree = "<group>"; };
		9327217226A723BC00D7D0F0 /* BugBattleHttpTrafficRecorder.h */ = {isa = PBXFileReference; fileEncoding = 4; lastKnownFileType = sourcecode.c.h; path = BugBattleHttpTrafficRecorder.h; sourceTree = "<group>"; };
		9327217326A723BC00D7D0F0 /* BugBattleLogHelper.h */ = {isa = PBXFileReference; fileEncoding = 4; lastKnownFileType = sourcecode.c.h; path = BugBattleLogHelper.h; sourceTree = "<group>"; };
		9327217426A723BC00D7D0F0 /* UIWindow+BugBattleTouchRecognizer.h */ = {isa = PBXFileReference; fileEncoding = 4; lastKnownFileType = sourcecode.c.h; path = "UIWindow+BugBattleTouchRecognizer.h"; sourceTree = "<group>"; };
		9327217526A723BC00D7D0F0 /* BugBattleCore.m */ = {isa = PBXFileReference; fileEncoding = 4; lastKnownFileType = sourcecode.c.objc; path = BugBattleCore.m; sourceTree = "<group>"; };
		9327217626A723BC00D7D0F0 /* BugBattleTranslationHelper.m */ = {isa = PBXFileReference; fileEncoding = 4; lastKnownFileType = sourcecode.c.objc; path = BugBattleTranslationHelper.m; sourceTree = "<group>"; };
		9327217726A723BD00D7D0F0 /* BugBattleCore.h */ = {isa = PBXFileReference; fileEncoding = 4; lastKnownFileType = sourcecode.c.h; path = BugBattleCore.h; sourceTree = "<group>"; };
		9327217826A723BD00D7D0F0 /* BugBattleImageEditorViewController.h */ = {isa = PBXFileReference; fileEncoding = 4; lastKnownFileType = sourcecode.c.h; path = BugBattleImageEditorViewController.h; sourceTree = "<group>"; };
		9327217926A723BD00D7D0F0 /* BugBattleTouchDrawImageView.m */ = {isa = PBXFileReference; fileEncoding = 4; lastKnownFileType = sourcecode.c.objc; path = BugBattleTouchDrawImageView.m; sourceTree = "<group>"; };
		9327217A26A723BD00D7D0F0 /* BugBattleImageEditorViewController.m */ = {isa = PBXFileReference; fileEncoding = 4; lastKnownFileType = sourcecode.c.objc; path = BugBattleImageEditorViewController.m; sourceTree = "<group>"; };
		9327217B26A723BD00D7D0F0 /* UIWindow+BugBattleShakeRecognizer.m */ = {isa = PBXFileReference; fileEncoding = 4; lastKnownFileType = sourcecode.c.objc; path = "UIWindow+BugBattleShakeRecognizer.m"; sourceTree = "<group>"; };
		9327217C26A723BD00D7D0F0 /* UIWindow+BugBattleTouchRecognizer.m */ = {isa = PBXFileReference; fileEncoding = 4; lastKnownFileType = sourcecode.c.objc; path = "UIWindow+BugBattleTouchRecognizer.m"; sourceTree = "<group>"; };
		9327217D26A723BD00D7D0F0 /* BugBattleReplayHelper.m */ = {isa = PBXFileReference; fileEncoding = 4; lastKnownFileType = sourcecode.c.objc; path = BugBattleReplayHelper.m; sourceTree = "<group>"; };
		9327217E26A723BD00D7D0F0 /* BugBattleTouchDrawImageView.h */ = {isa = PBXFileReference; fileEncoding = 4; lastKnownFileType = sourcecode.c.h; path = BugBattleTouchDrawImageView.h; sourceTree = "<group>"; };
		9327217F26A723BD00D7D0F0 /* BugBattleHttpTrafficRecorder.m */ = {isa = PBXFileReference; fileEncoding = 4; lastKnownFileType = sourcecode.c.objc; path = BugBattleHttpTrafficRecorder.m; sourceTree = "<group>"; };
		9327218026A723BD00D7D0F0 /* BugBattleTouchHelper.m */ = {isa = PBXFileReference; fileEncoding = 4; lastKnownFileType = sourcecode.c.objc; path = BugBattleTouchHelper.m; sourceTree = "<group>"; };
		9327219626A723CA00D7D0F0 /* editIcon.png */ = {isa = PBXFileReference; lastKnownFileType = image.png; path = editIcon.png; sourceTree = "<group>"; };
		9327219726A723CA00D7D0F0 /* colorsCloseIcon.png */ = {isa = PBXFileReference; lastKnownFileType = image.png; path = colorsCloseIcon.png; sourceTree = "<group>"; };
		9327219826A723CA00D7D0F0 /* BugBattleStoryboard.storyboard */ = {isa = PBXFileReference; fileEncoding = 4; lastKnownFileType = file.storyboard; path = BugBattleStoryboard.storyboard; sourceTree = "<group>"; };
		9327219926A723CA00D7D0F0 /* blurIconActive.png */ = {isa = PBXFileReference; lastKnownFileType = image.png; path = blurIconActive.png; sourceTree = "<group>"; };
		9327219A26A723CA00D7D0F0 /* backIcon.png */ = {isa = PBXFileReference; lastKnownFileType = image.png; path = backIcon.png; sourceTree = "<group>"; };
		9327219B26A723CA00D7D0F0 /* blurIcon.png */ = {isa = PBXFileReference; lastKnownFileType = image.png; path = blurIcon.png; sourceTree = "<group>"; };
		9327219C26A723CA00D7D0F0 /* sentIcon.png */ = {isa = PBXFileReference; lastKnownFileType = image.png; path = sentIcon.png; sourceTree = "<group>"; };
/* End PBXFileReference section */

/* Begin PBXFrameworksBuildPhase section */
		502CB74D2322E18B00403ADD /* Frameworks */ = {
			isa = PBXFrameworksBuildPhase;
			buildActionMask = 2147483647;
			files = (
			);
			runOnlyForDeploymentPostprocessing = 0;
		};
/* End PBXFrameworksBuildPhase section */

/* Begin PBXGroup section */
		502CB7462322E18B00403ADD = {
			isa = PBXGroup;
			children = (
				502CB7522322E18B00403ADD /* BugBattle-iOS-SDK */,
				502CB7512322E18B00403ADD /* Products */,
			);
			sourceTree = "<group>";
		};
		502CB7512322E18B00403ADD /* Products */ = {
			isa = PBXGroup;
			children = (
				502CB7502322E18B00403ADD /* BugBattle.framework */,
			);
			name = Products;
			sourceTree = "<group>";
		};
		502CB7522322E18B00403ADD /* BugBattle-iOS-SDK */ = {
			isa = PBXGroup;
			children = (
				502CB75B2322E1A600403ADD /* Assets */,
				502CB7622322E1A600403ADD /* Classes */,
				502CB7532322E18B00403ADD /* BugBattle_iOS_SDK.h */,
				502CB7542322E18B00403ADD /* Info.plist */,
			);
			path = "BugBattle-iOS-SDK";
			sourceTree = "<group>";
		};
		502CB75B2322E1A600403ADD /* Assets */ = {
			isa = PBXGroup;
			children = (
				9327219A26A723CA00D7D0F0 /* backIcon.png */,
				9327219B26A723CA00D7D0F0 /* blurIcon.png */,
				9327219926A723CA00D7D0F0 /* blurIconActive.png */,
				9327219826A723CA00D7D0F0 /* BugBattleStoryboard.storyboard */,
				9327219726A723CA00D7D0F0 /* colorsCloseIcon.png */,
				9327219626A723CA00D7D0F0 /* editIcon.png */,
				9327219C26A723CA00D7D0F0 /* sentIcon.png */,
			);
			name = Assets;
			path = ../../BugBattle/Assets;
			sourceTree = "<group>";
		};
		502CB7622322E1A600403ADD /* Classes */ = {
			isa = PBXGroup;
			children = (
				9327217026A723BC00D7D0F0 /* BugBattle.h */,
				9327217726A723BD00D7D0F0 /* BugBattleCore.h */,
				9327217526A723BC00D7D0F0 /* BugBattleCore.m */,
				9327217226A723BC00D7D0F0 /* BugBattleHttpTrafficRecorder.h */,
				9327217F26A723BD00D7D0F0 /* BugBattleHttpTrafficRecorder.m */,
				9327217826A723BD00D7D0F0 /* BugBattleImageEditorViewController.h */,
				9327217A26A723BD00D7D0F0 /* BugBattleImageEditorViewController.m */,
				9327217326A723BC00D7D0F0 /* BugBattleLogHelper.h */,
				9327217126A723BC00D7D0F0 /* BugBattleLogHelper.m */,
				9327216C26A723BC00D7D0F0 /* BugBattleReplayHelper.h */,
				9327217D26A723BD00D7D0F0 /* BugBattleReplayHelper.m */,
				9327217E26A723BD00D7D0F0 /* BugBattleTouchDrawImageView.h */,
				9327217926A723BD00D7D0F0 /* BugBattleTouchDrawImageView.m */,
				9327216E26A723BC00D7D0F0 /* BugBattleTouchHelper.h */,
				9327218026A723BD00D7D0F0 /* BugBattleTouchHelper.m */,
				9327216D26A723BC00D7D0F0 /* BugBattleTranslationHelper.h */,
				9327217626A723BC00D7D0F0 /* BugBattleTranslationHelper.m */,
				9327216F26A723BC00D7D0F0 /* UIWindow+BugBattleShakeRecognizer.h */,
				9327217B26A723BD00D7D0F0 /* UIWindow+BugBattleShakeRecognizer.m */,
				9327217426A723BC00D7D0F0 /* UIWindow+BugBattleTouchRecognizer.h */,
				9327217C26A723BD00D7D0F0 /* UIWindow+BugBattleTouchRecognizer.m */,
			);
			name = Classes;
			path = ../../BugBattle/Classes;
			sourceTree = "<group>";
		};
/* End PBXGroup section */

/* Begin PBXHeadersBuildPhase section */
		502CB74B2322E18B00403ADD /* Headers */ = {
			isa = PBXHeadersBuildPhase;
			buildActionMask = 2147483647;
			files = (
				9327218C26A723BD00D7D0F0 /* BugBattleCore.h in Headers */,
				9327218926A723BD00D7D0F0 /* UIWindow+BugBattleTouchRecognizer.h in Headers */,
				9327218726A723BD00D7D0F0 /* BugBattleHttpTrafficRecorder.h in Headers */,
				9327218D26A723BD00D7D0F0 /* BugBattleImageEditorViewController.h in Headers */,
				9327218226A723BD00D7D0F0 /* BugBattleTranslationHelper.h in Headers */,
				9327218526A723BD00D7D0F0 /* BugBattle.h in Headers */,
				9327218326A723BD00D7D0F0 /* BugBattleTouchHelper.h in Headers */,
				9327218426A723BD00D7D0F0 /* UIWindow+BugBattleShakeRecognizer.h in Headers */,
				9327219326A723BD00D7D0F0 /* BugBattleTouchDrawImageView.h in Headers */,
				9327218126A723BD00D7D0F0 /* BugBattleReplayHelper.h in Headers */,
				9327218826A723BD00D7D0F0 /* BugBattleLogHelper.h in Headers */,
				502CB7552322E18B00403ADD /* BugBattle_iOS_SDK.h in Headers */,
			);
			runOnlyForDeploymentPostprocessing = 0;
		};
/* End PBXHeadersBuildPhase section */

/* Begin PBXNativeTarget section */
		502CB74F2322E18B00403ADD /* BugBattle-iOS-SDK */ = {
			isa = PBXNativeTarget;
			buildConfigurationList = 502CB7582322E18B00403ADD /* Build configuration list for PBXNativeTarget "BugBattle-iOS-SDK" */;
			buildPhases = (
				502CB74B2322E18B00403ADD /* Headers */,
				502CB74C2322E18B00403ADD /* Sources */,
				502CB74D2322E18B00403ADD /* Frameworks */,
				502CB74E2322E18B00403ADD /* Resources */,
			);
			buildRules = (
			);
			dependencies = (
			);
			name = "BugBattle-iOS-SDK";
			productName = "BugBattle-iOS-SDK";
			productReference = 502CB7502322E18B00403ADD /* BugBattle.framework */;
			productType = "com.apple.product-type.framework";
		};
/* End PBXNativeTarget section */

/* Begin PBXProject section */
		502CB7472322E18B00403ADD /* Project object */ = {
			isa = PBXProject;
			attributes = {
				LastUpgradeCheck = 1020;
				ORGANIZATIONNAME = BugBattle;
				TargetAttributes = {
					502CB74F2322E18B00403ADD = {
						CreatedOnToolsVersion = 10.2;
					};
				};
			};
			buildConfigurationList = 502CB74A2322E18B00403ADD /* Build configuration list for PBXProject "BugBattle-iOS-SDK" */;
			compatibilityVersion = "Xcode 9.3";
			developmentRegion = en;
			hasScannedForEncodings = 0;
			knownRegions = (
				en,
			);
			mainGroup = 502CB7462322E18B00403ADD;
			productRefGroup = 502CB7512322E18B00403ADD /* Products */;
			projectDirPath = "";
			projectRoot = "";
			targets = (
				502CB74F2322E18B00403ADD /* BugBattle-iOS-SDK */,
			);
		};
/* End PBXProject section */

/* Begin PBXResourcesBuildPhase section */
		502CB74E2322E18B00403ADD /* Resources */ = {
			isa = PBXResourcesBuildPhase;
			buildActionMask = 2147483647;
			files = (
				932721A326A723CA00D7D0F0 /* sentIcon.png in Resources */,
				9327219D26A723CA00D7D0F0 /* editIcon.png in Resources */,
				9327219E26A723CA00D7D0F0 /* colorsCloseIcon.png in Resources */,
				9327219F26A723CA00D7D0F0 /* BugBattleStoryboard.storyboard in Resources */,
				932721A226A723CA00D7D0F0 /* blurIcon.png in Resources */,
				932721A126A723CA00D7D0F0 /* backIcon.png in Resources */,
				932721A026A723CA00D7D0F0 /* blurIconActive.png in Resources */,
			);
			runOnlyForDeploymentPostprocessing = 0;
		};
/* End PBXResourcesBuildPhase section */

/* Begin PBXSourcesBuildPhase section */
		502CB74C2322E18B00403ADD /* Sources */ = {
			isa = PBXSourcesBuildPhase;
			buildActionMask = 2147483647;
			files = (
				9327219526A723BD00D7D0F0 /* BugBattleTouchHelper.m in Sources */,
				9327219126A723BD00D7D0F0 /* UIWindow+BugBattleTouchRecognizer.m in Sources */,
				9327219226A723BD00D7D0F0 /* BugBattleReplayHelper.m in Sources */,
				9327218F26A723BD00D7D0F0 /* BugBattleImageEditorViewController.m in Sources */,
				9327218626A723BD00D7D0F0 /* BugBattleLogHelper.m in Sources */,
				9327219426A723BD00D7D0F0 /* BugBattleHttpTrafficRecorder.m in Sources */,
				9327218E26A723BD00D7D0F0 /* BugBattleTouchDrawImageView.m in Sources */,
				9327218B26A723BD00D7D0F0 /* BugBattleTranslationHelper.m in Sources */,
				9327218A26A723BD00D7D0F0 /* BugBattleCore.m in Sources */,
				9327219026A723BD00D7D0F0 /* UIWindow+BugBattleShakeRecognizer.m in Sources */,
			);
			runOnlyForDeploymentPostprocessing = 0;
		};
/* End PBXSourcesBuildPhase section */

/* Begin XCBuildConfiguration section */
		502CB7562322E18B00403ADD /* Debug */ = {
			isa = XCBuildConfiguration;
			buildSettings = {
				ALWAYS_SEARCH_USER_PATHS = NO;
				CLANG_ANALYZER_NONNULL = YES;
				CLANG_ANALYZER_NUMBER_OBJECT_CONVERSION = YES_AGGRESSIVE;
				CLANG_CXX_LANGUAGE_STANDARD = "gnu++14";
				CLANG_CXX_LIBRARY = "libc++";
				CLANG_ENABLE_MODULES = YES;
				CLANG_ENABLE_OBJC_ARC = YES;
				CLANG_ENABLE_OBJC_WEAK = YES;
				CLANG_WARN_BLOCK_CAPTURE_AUTORELEASING = YES;
				CLANG_WARN_BOOL_CONVERSION = YES;
				CLANG_WARN_COMMA = YES;
				CLANG_WARN_CONSTANT_CONVERSION = YES;
				CLANG_WARN_DEPRECATED_OBJC_IMPLEMENTATIONS = YES;
				CLANG_WARN_DIRECT_OBJC_ISA_USAGE = YES_ERROR;
				CLANG_WARN_DOCUMENTATION_COMMENTS = YES;
				CLANG_WARN_EMPTY_BODY = YES;
				CLANG_WARN_ENUM_CONVERSION = YES;
				CLANG_WARN_INFINITE_RECURSION = YES;
				CLANG_WARN_INT_CONVERSION = YES;
				CLANG_WARN_NON_LITERAL_NULL_CONVERSION = YES;
				CLANG_WARN_OBJC_IMPLICIT_RETAIN_SELF = YES;
				CLANG_WARN_OBJC_LITERAL_CONVERSION = YES;
				CLANG_WARN_OBJC_ROOT_CLASS = YES_ERROR;
				CLANG_WARN_RANGE_LOOP_ANALYSIS = YES;
				CLANG_WARN_STRICT_PROTOTYPES = YES;
				CLANG_WARN_SUSPICIOUS_MOVE = YES;
				CLANG_WARN_UNGUARDED_AVAILABILITY = YES_AGGRESSIVE;
				CLANG_WARN_UNREACHABLE_CODE = YES;
				CLANG_WARN__DUPLICATE_METHOD_MATCH = YES;
				CODE_SIGN_IDENTITY = "iPhone Developer";
				COPY_PHASE_STRIP = NO;
				CURRENT_PROJECT_VERSION = 1;
				DEBUG_INFORMATION_FORMAT = dwarf;
				ENABLE_STRICT_OBJC_MSGSEND = YES;
				ENABLE_TESTABILITY = YES;
				GCC_C_LANGUAGE_STANDARD = gnu11;
				GCC_DYNAMIC_NO_PIC = NO;
				GCC_NO_COMMON_BLOCKS = YES;
				GCC_OPTIMIZATION_LEVEL = 0;
				GCC_PREPROCESSOR_DEFINITIONS = (
					"DEBUG=1",
					"$(inherited)",
				);
				GCC_WARN_64_TO_32_BIT_CONVERSION = YES;
				GCC_WARN_ABOUT_RETURN_TYPE = YES_ERROR;
				GCC_WARN_UNDECLARED_SELECTOR = YES;
				GCC_WARN_UNINITIALIZED_AUTOS = YES_AGGRESSIVE;
				GCC_WARN_UNUSED_FUNCTION = YES;
				GCC_WARN_UNUSED_VARIABLE = YES;
				IPHONEOS_DEPLOYMENT_TARGET = 12.2;
				MTL_ENABLE_DEBUG_INFO = INCLUDE_SOURCE;
				MTL_FAST_MATH = YES;
				ONLY_ACTIVE_ARCH = YES;
				SDKROOT = iphoneos;
				SWIFT_ACTIVE_COMPILATION_CONDITIONS = DEBUG;
				SWIFT_OPTIMIZATION_LEVEL = "-Onone";
				VERSIONING_SYSTEM = "apple-generic";
				VERSION_INFO_PREFIX = "";
			};
			name = Debug;
		};
		502CB7572322E18B00403ADD /* Release */ = {
			isa = XCBuildConfiguration;
			buildSettings = {
				ALWAYS_SEARCH_USER_PATHS = NO;
				CLANG_ANALYZER_NONNULL = YES;
				CLANG_ANALYZER_NUMBER_OBJECT_CONVERSION = YES_AGGRESSIVE;
				CLANG_CXX_LANGUAGE_STANDARD = "gnu++14";
				CLANG_CXX_LIBRARY = "libc++";
				CLANG_ENABLE_MODULES = YES;
				CLANG_ENABLE_OBJC_ARC = YES;
				CLANG_ENABLE_OBJC_WEAK = YES;
				CLANG_WARN_BLOCK_CAPTURE_AUTORELEASING = YES;
				CLANG_WARN_BOOL_CONVERSION = YES;
				CLANG_WARN_COMMA = YES;
				CLANG_WARN_CONSTANT_CONVERSION = YES;
				CLANG_WARN_DEPRECATED_OBJC_IMPLEMENTATIONS = YES;
				CLANG_WARN_DIRECT_OBJC_ISA_USAGE = YES_ERROR;
				CLANG_WARN_DOCUMENTATION_COMMENTS = YES;
				CLANG_WARN_EMPTY_BODY = YES;
				CLANG_WARN_ENUM_CONVERSION = YES;
				CLANG_WARN_INFINITE_RECURSION = YES;
				CLANG_WARN_INT_CONVERSION = YES;
				CLANG_WARN_NON_LITERAL_NULL_CONVERSION = YES;
				CLANG_WARN_OBJC_IMPLICIT_RETAIN_SELF = YES;
				CLANG_WARN_OBJC_LITERAL_CONVERSION = YES;
				CLANG_WARN_OBJC_ROOT_CLASS = YES_ERROR;
				CLANG_WARN_RANGE_LOOP_ANALYSIS = YES;
				CLANG_WARN_STRICT_PROTOTYPES = YES;
				CLANG_WARN_SUSPICIOUS_MOVE = YES;
				CLANG_WARN_UNGUARDED_AVAILABILITY = YES_AGGRESSIVE;
				CLANG_WARN_UNREACHABLE_CODE = YES;
				CLANG_WARN__DUPLICATE_METHOD_MATCH = YES;
				CODE_SIGN_IDENTITY = "iPhone Developer";
				COPY_PHASE_STRIP = NO;
				CURRENT_PROJECT_VERSION = 1;
				DEBUG_INFORMATION_FORMAT = "dwarf-with-dsym";
				ENABLE_NS_ASSERTIONS = NO;
				ENABLE_STRICT_OBJC_MSGSEND = YES;
				GCC_C_LANGUAGE_STANDARD = gnu11;
				GCC_NO_COMMON_BLOCKS = YES;
				GCC_WARN_64_TO_32_BIT_CONVERSION = YES;
				GCC_WARN_ABOUT_RETURN_TYPE = YES_ERROR;
				GCC_WARN_UNDECLARED_SELECTOR = YES;
				GCC_WARN_UNINITIALIZED_AUTOS = YES_AGGRESSIVE;
				GCC_WARN_UNUSED_FUNCTION = YES;
				GCC_WARN_UNUSED_VARIABLE = YES;
				IPHONEOS_DEPLOYMENT_TARGET = 12.2;
				MTL_ENABLE_DEBUG_INFO = NO;
				MTL_FAST_MATH = YES;
				SDKROOT = iphoneos;
				SWIFT_COMPILATION_MODE = wholemodule;
				SWIFT_OPTIMIZATION_LEVEL = "-O";
				VALIDATE_PRODUCT = YES;
				VERSIONING_SYSTEM = "apple-generic";
				VERSION_INFO_PREFIX = "";
			};
			name = Release;
		};
		502CB7592322E18B00403ADD /* Debug */ = {
			isa = XCBuildConfiguration;
			buildSettings = {
				CODE_SIGN_IDENTITY = "";
				CODE_SIGN_STYLE = Automatic;
				DEFINES_MODULE = YES;
				DYLIB_COMPATIBILITY_VERSION = 1;
				DYLIB_CURRENT_VERSION = 1;
				DYLIB_INSTALL_NAME_BASE = "@rpath";
				INFOPLIST_FILE = "BugBattle-iOS-SDK/Info.plist";
				INSTALL_PATH = "$(LOCAL_LIBRARY_DIR)/Frameworks";
				IPHONEOS_DEPLOYMENT_TARGET = 9.3;
				LD_RUNPATH_SEARCH_PATHS = (
					"$(inherited)",
					"@executable_path/Frameworks",
					"@loader_path/Frameworks",
				);
				PRODUCT_BUNDLE_IDENTIFIER = "com.bugbattle.BugBattle-iOS-SDK";
				PRODUCT_NAME = BugBattle;
				SKIP_INSTALL = YES;
				SWIFT_VERSION = 5.0;
				TARGETED_DEVICE_FAMILY = "1,2";
			};
			name = Debug;
		};
		502CB75A2322E18B00403ADD /* Release */ = {
			isa = XCBuildConfiguration;
			buildSettings = {
				CODE_SIGN_IDENTITY = "";
				CODE_SIGN_STYLE = Automatic;
				DEFINES_MODULE = YES;
				DYLIB_COMPATIBILITY_VERSION = 1;
				DYLIB_CURRENT_VERSION = 1;
				DYLIB_INSTALL_NAME_BASE = "@rpath";
				INFOPLIST_FILE = "BugBattle-iOS-SDK/Info.plist";
				INSTALL_PATH = "$(LOCAL_LIBRARY_DIR)/Frameworks";
				IPHONEOS_DEPLOYMENT_TARGET = 9.3;
				LD_RUNPATH_SEARCH_PATHS = (
					"$(inherited)",
					"@executable_path/Frameworks",
					"@loader_path/Frameworks",
				);
				PRODUCT_BUNDLE_IDENTIFIER = "com.bugbattle.BugBattle-iOS-SDK";
				PRODUCT_NAME = BugBattle;
				SKIP_INSTALL = YES;
				SWIFT_VERSION = 5.0;
				TARGETED_DEVICE_FAMILY = "1,2";
			};
			name = Release;
		};
/* End XCBuildConfiguration section */

/* Begin XCConfigurationList section */
		502CB74A2322E18B00403ADD /* Build configuration list for PBXProject "BugBattle-iOS-SDK" */ = {
			isa = XCConfigurationList;
			buildConfigurations = (
				502CB7562322E18B00403ADD /* Debug */,
				502CB7572322E18B00403ADD /* Release */,
			);
			defaultConfigurationIsVisible = 0;
			defaultConfigurationName = Release;
		};
		502CB7582322E18B00403ADD /* Build configuration list for PBXNativeTarget "BugBattle-iOS-SDK" */ = {
			isa = XCConfigurationList;
			buildConfigurations = (
				502CB7592322E18B00403ADD /* Debug */,
				502CB75A2322E18B00403ADD /* Release */,
			);
			defaultConfigurationIsVisible = 0;
			defaultConfigurationName = Release;
		};
/* End XCConfigurationList section */
	};
	rootObject = 502CB7472322E18B00403ADD /* Project object */;
}
